// !$*UTF8*$!
{
	archiveVersion = 1;
	classes = {
	};
	objectVersion = 56;
	objects = {

/* Begin PBXBuildFile section */
		150CF9232A990BE300C3DAD3 /* AudioPlayerManager.swift in Sources */ = {isa = PBXBuildFile; fileRef = 150CF9222A990BE300C3DAD3 /* AudioPlayerManager.swift */; };
		152A11FA2A4B4207000A9AEA /* Assets.xcassets in Resources */ = {isa = PBXBuildFile; fileRef = 152A11F92A4B4207000A9AEA /* Assets.xcassets */; };
		152A11FD2A4B4207000A9AEA /* Preview Assets.xcassets in Resources */ = {isa = PBXBuildFile; fileRef = 152A11FC2A4B4207000A9AEA /* Preview Assets.xcassets */; };
		156824802A742178008B4471 /* MainTabView.swift in Sources */ = {isa = PBXBuildFile; fileRef = 1568247F2A742178008B4471 /* MainTabView.swift */; };
		156824862A742181008B4471 /* PatternButtonStyle.swift in Sources */ = {isa = PBXBuildFile; fileRef = 156824812A742181008B4471 /* PatternButtonStyle.swift */; };
		156824872A742181008B4471 /* PatternButtonConfig.swift in Sources */ = {isa = PBXBuildFile; fileRef = 156824822A742181008B4471 /* PatternButtonConfig.swift */; };
		156824882A742181008B4471 /* TabContentView.swift in Sources */ = {isa = PBXBuildFile; fileRef = 156824832A742181008B4471 /* TabContentView.swift */; };
		1568248A2A742181008B4471 /* PatternButtonView.swift in Sources */ = {isa = PBXBuildFile; fileRef = 156824852A742181008B4471 /* PatternButtonView.swift */; };
		1568248E2A742289008B4471 /* MetricRhythmAppApp.swift in Sources */ = {isa = PBXBuildFile; fileRef = 1568248D2A742289008B4471 /* MetricRhythmAppApp.swift */; };
		1570EB692ABA072900559311 /* ColorExtension.swift in Sources */ = {isa = PBXBuildFile; fileRef = 1570EB682ABA072900559311 /* ColorExtension.swift */; };
		1571C76F2A8170C20080F031 /* VideoPlayerView.swift in Sources */ = {isa = PBXBuildFile; fileRef = 1571C76E2A8170C20080F031 /* VideoPlayerView.swift */; };
		1571C7722A8171480080F031 /* AZVideoPlayer in Frameworks */ = {isa = PBXBuildFile; productRef = 1571C7712A8171480080F031 /* AZVideoPlayer */; };
		1571C7742A81777D0080F031 /* DanielPink.1.mp4 in Resources */ = {isa = PBXBuildFile; fileRef = 1571C7732A8172410080F031 /* DanielPink.1.mp4 */; };
		159970952A97F5C200EFABE4 /* PatternDemo.aiff in Resources */ = {isa = PBXBuildFile; fileRef = 159970942A97F5C200EFABE4 /* PatternDemo.aiff */; };
		15C7582F2AB38AB000A2EBC9 /* TabConfig.swift in Sources */ = {isa = PBXBuildFile; fileRef = 15C7582E2AB38AB000A2EBC9 /* TabConfig.swift */; };
		15DF766E2AAB876A00281588 /* AppendixView.swift in Sources */ = {isa = PBXBuildFile; fileRef = 15DF766D2AAB876A00281588 /* AppendixView.swift */; };
/* End PBXBuildFile section */

/* Begin PBXFileReference section */
		150CF9222A990BE300C3DAD3 /* AudioPlayerManager.swift */ = {isa = PBXFileReference; lastKnownFileType = sourcecode.swift; path = AudioPlayerManager.swift; sourceTree = "<group>"; };
		152A11F22A4B4206000A9AEA /* MetricRhythmApp.app */ = {isa = PBXFileReference; explicitFileType = wrapper.application; includeInIndex = 0; path = MetricRhythmApp.app; sourceTree = BUILT_PRODUCTS_DIR; };
		152A11F92A4B4207000A9AEA /* Assets.xcassets */ = {isa = PBXFileReference; lastKnownFileType = folder.assetcatalog; path = Assets.xcassets; sourceTree = "<group>"; };
		152A11FC2A4B4207000A9AEA /* Preview Assets.xcassets */ = {isa = PBXFileReference; lastKnownFileType = folder.assetcatalog; path = "Preview Assets.xcassets"; sourceTree = "<group>"; };
		1568247F2A742178008B4471 /* MainTabView.swift */ = {isa = PBXFileReference; fileEncoding = 4; lastKnownFileType = sourcecode.swift; path = MainTabView.swift; sourceTree = "<group>"; };
		156824812A742181008B4471 /* PatternButtonStyle.swift */ = {isa = PBXFileReference; fileEncoding = 4; lastKnownFileType = sourcecode.swift; path = PatternButtonStyle.swift; sourceTree = "<group>"; };
		156824822A742181008B4471 /* PatternButtonConfig.swift */ = {isa = PBXFileReference; fileEncoding = 4; lastKnownFileType = sourcecode.swift; path = PatternButtonConfig.swift; sourceTree = "<group>"; };
		156824832A742181008B4471 /* TabContentView.swift */ = {isa = PBXFileReference; fileEncoding = 4; lastKnownFileType = sourcecode.swift; path = TabContentView.swift; sourceTree = "<group>"; };
		156824852A742181008B4471 /* PatternButtonView.swift */ = {isa = PBXFileReference; fileEncoding = 4; lastKnownFileType = sourcecode.swift; path = PatternButtonView.swift; sourceTree = "<group>"; };
		1568248D2A742289008B4471 /* MetricRhythmAppApp.swift */ = {isa = PBXFileReference; fileEncoding = 4; lastKnownFileType = sourcecode.swift; path = MetricRhythmAppApp.swift; sourceTree = "<group>"; };
		1570EB682ABA072900559311 /* ColorExtension.swift */ = {isa = PBXFileReference; lastKnownFileType = sourcecode.swift; path = ColorExtension.swift; sourceTree = "<group>"; };
		1571C76E2A8170C20080F031 /* VideoPlayerView.swift */ = {isa = PBXFileReference; lastKnownFileType = sourcecode.swift; path = VideoPlayerView.swift; sourceTree = "<group>"; };
		1571C7732A8172410080F031 /* DanielPink.1.mp4 */ = {isa = PBXFileReference; lastKnownFileType = file; path = DanielPink.1.mp4; sourceTree = "<group>"; };
		159970942A97F5C200EFABE4 /* PatternDemo.aiff */ = {isa = PBXFileReference; lastKnownFileType = audio.aiff; name = PatternDemo.aiff; path = ../../../ableton/PatternDemo.aiff; sourceTree = "<group>"; };
		15C7582E2AB38AB000A2EBC9 /* TabConfig.swift */ = {isa = PBXFileReference; lastKnownFileType = sourcecode.swift; path = TabConfig.swift; sourceTree = "<group>"; };
		15DF766D2AAB876A00281588 /* AppendixView.swift */ = {isa = PBXFileReference; lastKnownFileType = sourcecode.swift; path = AppendixView.swift; sourceTree = "<group>"; };
/* End PBXFileReference section */

/* Begin PBXFrameworksBuildPhase section */
		152A11EF2A4B4206000A9AEA /* Frameworks */ = {
			isa = PBXFrameworksBuildPhase;
			buildActionMask = 2147483647;
			files = (
				1571C7722A8171480080F031 /* AZVideoPlayer in Frameworks */,
			);
			runOnlyForDeploymentPostprocessing = 0;
		};
/* End PBXFrameworksBuildPhase section */

/* Begin PBXGroup section */
		152A11E92A4B4206000A9AEA = {
			isa = PBXGroup;
			children = (
				152A11F42A4B4206000A9AEA /* MetricRhythmApp */,
				152A11F32A4B4206000A9AEA /* Products */,
			);
			sourceTree = "<group>";
		};
		152A11F32A4B4206000A9AEA /* Products */ = {
			isa = PBXGroup;
			children = (
				152A11F22A4B4206000A9AEA /* MetricRhythmApp.app */,
			);
			name = Products;
			sourceTree = "<group>";
		};
		152A11F42A4B4206000A9AEA /* MetricRhythmApp */ = {
			isa = PBXGroup;
			children = (
				1568248D2A742289008B4471 /* MetricRhythmAppApp.swift */,
				150CF9222A990BE300C3DAD3 /* AudioPlayerManager.swift */,
				1568247F2A742178008B4471 /* MainTabView.swift */,
				15DF766D2AAB876A00281588 /* AppendixView.swift */,
				156824832A742181008B4471 /* TabContentView.swift */,
				1570EB682ABA072900559311 /* ColorExtension.swift */,
				1571C76E2A8170C20080F031 /* VideoPlayerView.swift */,
				156824812A742181008B4471 /* PatternButtonStyle.swift */,
				156824852A742181008B4471 /* PatternButtonView.swift */,
				156824822A742181008B4471 /* PatternButtonConfig.swift */,
				15C7582E2AB38AB000A2EBC9 /* TabConfig.swift */,
				152A11F92A4B4207000A9AEA /* Assets.xcassets */,
				159970942A97F5C200EFABE4 /* PatternDemo.aiff */,
				1571C7732A8172410080F031 /* DanielPink.1.mp4 */,
				152A11FB2A4B4207000A9AEA /* Preview Content */,
			);
			path = MetricRhythmApp;
			sourceTree = "<group>";
		};
		152A11FB2A4B4207000A9AEA /* Preview Content */ = {
			isa = PBXGroup;
			children = (
				152A11FC2A4B4207000A9AEA /* Preview Assets.xcassets */,
			);
			path = "Preview Content";
			sourceTree = "<group>";
		};
/* End PBXGroup section */

/* Begin PBXNativeTarget section */
		152A11F12A4B4206000A9AEA /* MetricRhythmApp */ = {
			isa = PBXNativeTarget;
			buildConfigurationList = 152A12002A4B4208000A9AEA /* Build configuration list for PBXNativeTarget "MetricRhythmApp" */;
			buildPhases = (
				152A11EE2A4B4206000A9AEA /* Sources */,
				152A11EF2A4B4206000A9AEA /* Frameworks */,
				152A11F02A4B4206000A9AEA /* Resources */,
			);
			buildRules = (
			);
			dependencies = (
			);
			name = MetricRhythmApp;
			packageProductDependencies = (
				1571C7712A8171480080F031 /* AZVideoPlayer */,
			);
			productName = MetricRhythmApp;
			productReference = 152A11F22A4B4206000A9AEA /* MetricRhythmApp.app */;
			productType = "com.apple.product-type.application";
		};
/* End PBXNativeTarget section */

/* Begin PBXProject section */
		152A11EA2A4B4206000A9AEA /* Project object */ = {
			isa = PBXProject;
			attributes = {
				BuildIndependentTargetsInParallel = 1;
				LastSwiftUpdateCheck = 1420;
				LastUpgradeCheck = 1420;
				TargetAttributes = {
					152A11F12A4B4206000A9AEA = {
						CreatedOnToolsVersion = 14.2;
					};
				};
			};
			buildConfigurationList = 152A11ED2A4B4206000A9AEA /* Build configuration list for PBXProject "MetricRhythmApp" */;
			compatibilityVersion = "Xcode 14.0";
			developmentRegion = en;
			hasScannedForEncodings = 0;
			knownRegions = (
				en,
				Base,
			);
			mainGroup = 152A11E92A4B4206000A9AEA;
			packageReferences = (
				1571C7702A8171480080F031 /* XCRemoteSwiftPackageReference "AZVideoPlayer" */,
			);
			productRefGroup = 152A11F32A4B4206000A9AEA /* Products */;
			projectDirPath = "";
			projectRoot = "";
			targets = (
				152A11F12A4B4206000A9AEA /* MetricRhythmApp */,
			);
		};
/* End PBXProject section */

/* Begin PBXResourcesBuildPhase section */
		152A11F02A4B4206000A9AEA /* Resources */ = {
			isa = PBXResourcesBuildPhase;
			buildActionMask = 2147483647;
			files = (
				1571C7742A81777D0080F031 /* DanielPink.1.mp4 in Resources */,
				152A11FD2A4B4207000A9AEA /* Preview Assets.xcassets in Resources */,
				152A11FA2A4B4207000A9AEA /* Assets.xcassets in Resources */,
				159970952A97F5C200EFABE4 /* PatternDemo.aiff in Resources */,
			);
			runOnlyForDeploymentPostprocessing = 0;
		};
/* End PBXResourcesBuildPhase section */

/* Begin PBXSourcesBuildPhase section */
		152A11EE2A4B4206000A9AEA /* Sources */ = {
			isa = PBXSourcesBuildPhase;
			buildActionMask = 2147483647;
			files = (
				156824872A742181008B4471 /* PatternButtonConfig.swift in Sources */,
				1568248E2A742289008B4471 /* MetricRhythmAppApp.swift in Sources */,
				156824882A742181008B4471 /* TabContentView.swift in Sources */,
				156824862A742181008B4471 /* PatternButtonStyle.swift in Sources */,
				156824802A742178008B4471 /* MainTabView.swift in Sources */,
				15C7582F2AB38AB000A2EBC9 /* TabConfig.swift in Sources */,
				150CF9232A990BE300C3DAD3 /* AudioPlayerManager.swift in Sources */,
				1568248A2A742181008B4471 /* PatternButtonView.swift in Sources */,
				15DF766E2AAB876A00281588 /* AppendixView.swift in Sources */,
				1570EB692ABA072900559311 /* ColorExtension.swift in Sources */,
				1571C76F2A8170C20080F031 /* VideoPlayerView.swift in Sources */,
			);
			runOnlyForDeploymentPostprocessing = 0;
		};
/* End PBXSourcesBuildPhase section */

/* Begin XCBuildConfiguration section */
		152A11FE2A4B4207000A9AEA /* Debug */ = {
			isa = XCBuildConfiguration;
			buildSettings = {
				ALWAYS_SEARCH_USER_PATHS = NO;
				CLANG_ANALYZER_NONNULL = YES;
				CLANG_ANALYZER_NUMBER_OBJECT_CONVERSION = YES_AGGRESSIVE;
				CLANG_CXX_LANGUAGE_STANDARD = "gnu++20";
				CLANG_ENABLE_MODULES = YES;
				CLANG_ENABLE_OBJC_ARC = YES;
				CLANG_ENABLE_OBJC_WEAK = YES;
				CLANG_WARN_BLOCK_CAPTURE_AUTORELEASING = YES;
				CLANG_WARN_BOOL_CONVERSION = YES;
				CLANG_WARN_COMMA = YES;
				CLANG_WARN_CONSTANT_CONVERSION = YES;
				CLANG_WARN_DEPRECATED_OBJC_IMPLEMENTATIONS = YES;
				CLANG_WARN_DIRECT_OBJC_ISA_USAGE = YES_ERROR;
				CLANG_WARN_DOCUMENTATION_COMMENTS = YES;
				CLANG_WARN_EMPTY_BODY = YES;
				CLANG_WARN_ENUM_CONVERSION = YES;
				CLANG_WARN_INFINITE_RECURSION = YES;
				CLANG_WARN_INT_CONVERSION = YES;
				CLANG_WARN_NON_LITERAL_NULL_CONVERSION = YES;
				CLANG_WARN_OBJC_IMPLICIT_RETAIN_SELF = YES;
				CLANG_WARN_OBJC_LITERAL_CONVERSION = YES;
				CLANG_WARN_OBJC_ROOT_CLASS = YES_ERROR;
				CLANG_WARN_QUOTED_INCLUDE_IN_FRAMEWORK_HEADER = YES;
				CLANG_WARN_RANGE_LOOP_ANALYSIS = YES;
				CLANG_WARN_STRICT_PROTOTYPES = YES;
				CLANG_WARN_SUSPICIOUS_MOVE = YES;
				CLANG_WARN_UNGUARDED_AVAILABILITY = YES_AGGRESSIVE;
				CLANG_WARN_UNREACHABLE_CODE = YES;
				CLANG_WARN__DUPLICATE_METHOD_MATCH = YES;
				COPY_PHASE_STRIP = NO;
				DEBUG_INFORMATION_FORMAT = dwarf;
				ENABLE_STRICT_OBJC_MSGSEND = YES;
				ENABLE_TESTABILITY = YES;
				GCC_C_LANGUAGE_STANDARD = gnu11;
				GCC_DYNAMIC_NO_PIC = NO;
				GCC_NO_COMMON_BLOCKS = YES;
				GCC_OPTIMIZATION_LEVEL = 0;
				GCC_PREPROCESSOR_DEFINITIONS = (
					"DEBUG=1",
					"$(inherited)",
				);
				GCC_WARN_64_TO_32_BIT_CONVERSION = YES;
				GCC_WARN_ABOUT_RETURN_TYPE = YES_ERROR;
				GCC_WARN_UNDECLARED_SELECTOR = YES;
				GCC_WARN_UNINITIALIZED_AUTOS = YES_AGGRESSIVE;
				GCC_WARN_UNUSED_FUNCTION = YES;
				GCC_WARN_UNUSED_VARIABLE = YES;
				IPHONEOS_DEPLOYMENT_TARGET = 16.2;
				MTL_ENABLE_DEBUG_INFO = INCLUDE_SOURCE;
				MTL_FAST_MATH = YES;
				ONLY_ACTIVE_ARCH = YES;
				SDKROOT = iphoneos;
				SWIFT_ACTIVE_COMPILATION_CONDITIONS = DEBUG;
				SWIFT_OPTIMIZATION_LEVEL = "-Onone";
			};
			name = Debug;
		};
		152A11FF2A4B4208000A9AEA /* Release */ = {
			isa = XCBuildConfiguration;
			buildSettings = {
				ALWAYS_SEARCH_USER_PATHS = NO;
				CLANG_ANALYZER_NONNULL = YES;
				CLANG_ANALYZER_NUMBER_OBJECT_CONVERSION = YES_AGGRESSIVE;
				CLANG_CXX_LANGUAGE_STANDARD = "gnu++20";
				CLANG_ENABLE_MODULES = YES;
				CLANG_ENABLE_OBJC_ARC = YES;
				CLANG_ENABLE_OBJC_WEAK = YES;
				CLANG_WARN_BLOCK_CAPTURE_AUTORELEASING = YES;
				CLANG_WARN_BOOL_CONVERSION = YES;
				CLANG_WARN_COMMA = YES;
				CLANG_WARN_CONSTANT_CONVERSION = YES;
				CLANG_WARN_DEPRECATED_OBJC_IMPLEMENTATIONS = YES;
				CLANG_WARN_DIRECT_OBJC_ISA_USAGE = YES_ERROR;
				CLANG_WARN_DOCUMENTATION_COMMENTS = YES;
				CLANG_WARN_EMPTY_BODY = YES;
				CLANG_WARN_ENUM_CONVERSION = YES;
				CLANG_WARN_INFINITE_RECURSION = YES;
				CLANG_WARN_INT_CONVERSION = YES;
				CLANG_WARN_NON_LITERAL_NULL_CONVERSION = YES;
				CLANG_WARN_OBJC_IMPLICIT_RETAIN_SELF = YES;
				CLANG_WARN_OBJC_LITERAL_CONVERSION = YES;
				CLANG_WARN_OBJC_ROOT_CLASS = YES_ERROR;
				CLANG_WARN_QUOTED_INCLUDE_IN_FRAMEWORK_HEADER = YES;
				CLANG_WARN_RANGE_LOOP_ANALYSIS = YES;
				CLANG_WARN_STRICT_PROTOTYPES = YES;
				CLANG_WARN_SUSPICIOUS_MOVE = YES;
				CLANG_WARN_UNGUARDED_AVAILABILITY = YES_AGGRESSIVE;
				CLANG_WARN_UNREACHABLE_CODE = YES;
				CLANG_WARN__DUPLICATE_METHOD_MATCH = YES;
				COPY_PHASE_STRIP = NO;
				DEBUG_INFORMATION_FORMAT = "dwarf-with-dsym";
				ENABLE_NS_ASSERTIONS = NO;
				ENABLE_STRICT_OBJC_MSGSEND = YES;
				GCC_C_LANGUAGE_STANDARD = gnu11;
				GCC_NO_COMMON_BLOCKS = YES;
				GCC_WARN_64_TO_32_BIT_CONVERSION = YES;
				GCC_WARN_ABOUT_RETURN_TYPE = YES_ERROR;
				GCC_WARN_UNDECLARED_SELECTOR = YES;
				GCC_WARN_UNINITIALIZED_AUTOS = YES_AGGRESSIVE;
				GCC_WARN_UNUSED_FUNCTION = YES;
				GCC_WARN_UNUSED_VARIABLE = YES;
				IPHONEOS_DEPLOYMENT_TARGET = 16.2;
				MTL_ENABLE_DEBUG_INFO = NO;
				MTL_FAST_MATH = YES;
				SDKROOT = iphoneos;
				SWIFT_COMPILATION_MODE = wholemodule;
				SWIFT_OPTIMIZATION_LEVEL = "-O";
				VALIDATE_PRODUCT = YES;
			};
			name = Release;
		};
		152A12012A4B4208000A9AEA /* Debug */ = {
			isa = XCBuildConfiguration;
			buildSettings = {
				ASSETCATALOG_COMPILER_APPICON_NAME = AppIcon;
				ASSETCATALOG_COMPILER_GLOBAL_ACCENT_COLOR_NAME = AccentColor;
				CODE_SIGN_STYLE = Automatic;
				CURRENT_PROJECT_VERSION = 1;
				DEVELOPMENT_ASSET_PATHS = "\"MetricRhythmApp/Preview Content\"";
				DEVELOPMENT_TEAM = 3ZQTJ69VZM;
				ENABLE_PREVIEWS = YES;
				GENERATE_INFOPLIST_FILE = YES;
				INFOPLIST_KEY_UIApplicationSceneManifest_Generation = YES;
				INFOPLIST_KEY_UIApplicationSupportsIndirectInputEvents = YES;
				INFOPLIST_KEY_UILaunchScreen_Generation = YES;
				INFOPLIST_KEY_UISupportedInterfaceOrientations_iPad = "UIInterfaceOrientationPortrait UIInterfaceOrientationPortraitUpsideDown UIInterfaceOrientationLandscapeLeft UIInterfaceOrientationLandscapeRight";
				INFOPLIST_KEY_UISupportedInterfaceOrientations_iPhone = "UIInterfaceOrientationPortrait UIInterfaceOrientationLandscapeLeft UIInterfaceOrientationLandscapeRight";
				IPHONEOS_DEPLOYMENT_TARGET = 16.0;
				LD_RUNPATH_SEARCH_PATHS = (
					"$(inherited)",
					"@executable_path/Frameworks",
				);
				MARKETING_VERSION = 1.0;
				PRODUCT_BUNDLE_IDENTIFIER = com.sonic6design.MetricRhythmApp;
				PRODUCT_NAME = "$(TARGET_NAME)";
				SWIFT_EMIT_LOC_STRINGS = YES;
				SWIFT_VERSION = 5.0;
				TARGETED_DEVICE_FAMILY = "1,2";
			};
			name = Debug;
		};
		152A12022A4B4208000A9AEA /* Release */ = {
			isa = XCBuildConfiguration;
			buildSettings = {
				ASSETCATALOG_COMPILER_APPICON_NAME = AppIcon;
				ASSETCATALOG_COMPILER_GLOBAL_ACCENT_COLOR_NAME = AccentColor;
				CODE_SIGN_STYLE = Automatic;
				CURRENT_PROJECT_VERSION = 1;
				DEVELOPMENT_ASSET_PATHS = "\"MetricRhythmApp/Preview Content\"";
				DEVELOPMENT_TEAM = 3ZQTJ69VZM;
				ENABLE_PREVIEWS = YES;
				GENERATE_INFOPLIST_FILE = YES;
				INFOPLIST_KEY_UIApplicationSceneManifest_Generation = YES;
				INFOPLIST_KEY_UIApplicationSupportsIndirectInputEvents = YES;
				INFOPLIST_KEY_UILaunchScreen_Generation = YES;
				INFOPLIST_KEY_UISupportedInterfaceOrientations_iPad = "UIInterfaceOrientationPortrait UIInterfaceOrientationPortraitUpsideDown UIInterfaceOrientationLandscapeLeft UIInterfaceOrientationLandscapeRight";
				INFOPLIST_KEY_UISupportedInterfaceOrientations_iPhone = "UIInterfaceOrientationPortrait UIInterfaceOrientationLandscapeLeft UIInterfaceOrientationLandscapeRight";
				IPHONEOS_DEPLOYMENT_TARGET = 16.0;
				LD_RUNPATH_SEARCH_PATHS = (
					"$(inherited)",
					"@executable_path/Frameworks",
				);
				MARKETING_VERSION = 1.0;
				PRODUCT_BUNDLE_IDENTIFIER = com.sonic6design.MetricRhythmApp;
				PRODUCT_NAME = "$(TARGET_NAME)";
				SWIFT_EMIT_LOC_STRINGS = YES;
				SWIFT_VERSION = 5.0;
				TARGETED_DEVICE_FAMILY = "1,2";
			};
			name = Release;
		};
/* End XCBuildConfiguration section */

/* Begin XCConfigurationList section */
		152A11ED2A4B4206000A9AEA /* Build configuration list for PBXProject "MetricRhythmApp" */ = {
			isa = XCConfigurationList;
			buildConfigurations = (
				152A11FE2A4B4207000A9AEA /* Debug */,
				152A11FF2A4B4208000A9AEA /* Release */,
			);
			defaultConfigurationIsVisible = 0;
			defaultConfigurationName = Release;
		};
		152A12002A4B4208000A9AEA /* Build configuration list for PBXNativeTarget "MetricRhythmApp" */ = {
			isa = XCConfigurationList;
			buildConfigurations = (
				152A12012A4B4208000A9AEA /* Debug */,
				152A12022A4B4208000A9AEA /* Release */,
			);
			defaultConfigurationIsVisible = 0;
			defaultConfigurationName = Release;
		};
/* End XCConfigurationList section */

/* Begin XCRemoteSwiftPackageReference section */
		1571C7702A8171480080F031 /* XCRemoteSwiftPackageReference "AZVideoPlayer" */ = {
			isa = XCRemoteSwiftPackageReference;
			repositoryURL = "https://github.com/adamzarn/AZVideoPlayer/";
			requirement = {
				branch = main;
				kind = branch;
			};
		};
/* End XCRemoteSwiftPackageReference section */

/* Begin XCSwiftPackageProductDependency section */
		1571C7712A8171480080F031 /* AZVideoPlayer */ = {
			isa = XCSwiftPackageProductDependency;
			package = 1571C7702A8171480080F031 /* XCRemoteSwiftPackageReference "AZVideoPlayer" */;
			productName = AZVideoPlayer;
		};
/* End XCSwiftPackageProductDependency section */
	};
	rootObject = 152A11EA2A4B4206000A9AEA /* Project object */;
}
